
Microsoft Visual Studio Solution File, Format Version 11.00
# Visual Studio 2010
Project("{F184B08F-C81C-45F6-A57F-5ABD9991F28F}") = "GFtool 9.0", "GFtool 9.0.vbproj", "{5040BE2A-0FDF-468E-9BDA-E038675BD38B}"
EndProject
Global
	GlobalSection(SolutionConfigurationPlatforms) = preSolution
		Debug|x86 = Debug|x86
		Release|x86 = Release|x86
	EndGlobalSection
	GlobalSection(ProjectConfigurationPlatforms) = postSolution
		{5040BE2A-0FDF-468E-9BDA-E038675BD38B}.Debug|x86.ActiveCfg = Debug|x86
		{5040BE2A-0FDF-468E-9BDA-E038675BD38B}.Debug|x86.Build.0 = Debug|x86
		{5040BE2A-0FDF-468E-9BDA-E038675BD38B}.Release|x86.ActiveCfg = Release|x86
		{5040BE2A-0FDF-468E-9BDA-E038675BD38B}.Release|x86.Build.0 = Release|x86
	EndGlobalSection
	GlobalSection(SolutionProperties) = preSolution
		HideSolutionNode = FALSE
	EndGlobalSection
EndGlobal
