
Microsoft Visual Studio Solution File, Format Version 11.00
# Visual Studio 2010
Project("{F184B08F-C81C-45F6-A57F-5ABD9991F28F}") = "san9test", "san9test.vbproj", "{590E5E6E-F47C-4C72-8DC2-2A1BE6648610}"
EndProject
Global
	GlobalSection(SolutionConfigurationPlatforms) = preSolution
		Debug|x86 = Debug|x86
		Release|x86 = Release|x86
	EndGlobalSection
	GlobalSection(ProjectConfigurationPlatforms) = postSolution
		{590E5E6E-F47C-4C72-8DC2-2A1BE6648610}.Debug|x86.ActiveCfg = Debug|x86
		{590E5E6E-F47C-4C72-8DC2-2A1BE6648610}.Debug|x86.Build.0 = Debug|x86
		{590E5E6E-F47C-4C72-8DC2-2A1BE6648610}.Release|x86.ActiveCfg = Release|x86
		{590E5E6E-F47C-4C72-8DC2-2A1BE6648610}.Release|x86.Build.0 = Release|x86
	EndGlobalSection
	GlobalSection(SolutionProperties) = preSolution
		HideSolutionNode = FALSE
	EndGlobalSection
EndGlobal
