
Microsoft Visual Studio Solution File, Format Version 11.00
# Visual Studio 2010
Project("{F184B08F-C81C-45F6-A57F-5ABD9991F28F}") = "testcontrolbox", "testcontrolbox.vbproj", "{10EC6BE3-5C40-435C-A63F-5413DFB71104}"
EndProject
Global
	GlobalSection(SolutionConfigurationPlatforms) = preSolution
		Debug|x86 = Debug|x86
		Release|x86 = Release|x86
	EndGlobalSection
	GlobalSection(ProjectConfigurationPlatforms) = postSolution
		{10EC6BE3-5C40-435C-A63F-5413DFB71104}.Debug|x86.ActiveCfg = Debug|x86
		{10EC6BE3-5C40-435C-A63F-5413DFB71104}.Debug|x86.Build.0 = Debug|x86
		{10EC6BE3-5C40-435C-A63F-5413DFB71104}.Release|x86.ActiveCfg = Release|x86
		{10EC6BE3-5C40-435C-A63F-5413DFB71104}.Release|x86.Build.0 = Release|x86
	EndGlobalSection
	GlobalSection(SolutionProperties) = preSolution
		HideSolutionNode = FALSE
	EndGlobalSection
EndGlobal
