
Microsoft Visual Studio Solution File, Format Version 11.00
# Visual Studio 2010
Project("{FAE04EC0-301F-11D3-BF4B-00C04F79EFBC}") = "avtool22", "avtool22.csproj", "{20C5CA32-3D25-4BF0-9DB7-FE54D0E3C46B}"
EndProject
Global
	GlobalSection(SolutionConfigurationPlatforms) = preSolution
		Debug|Any CPU = Debug|Any CPU
		Release|Any CPU = Release|Any CPU
	EndGlobalSection
	GlobalSection(ProjectConfigurationPlatforms) = postSolution
		{20C5CA32-3D25-4BF0-9DB7-FE54D0E3C46B}.Debug|Any CPU.ActiveCfg = Debug|Any CPU
		{20C5CA32-3D25-4BF0-9DB7-FE54D0E3C46B}.Debug|Any CPU.Build.0 = Debug|Any CPU
		{20C5CA32-3D25-4BF0-9DB7-FE54D0E3C46B}.Release|Any CPU.ActiveCfg = Release|Any CPU
		{20C5CA32-3D25-4BF0-9DB7-FE54D0E3C46B}.Release|Any CPU.Build.0 = Release|Any CPU
	EndGlobalSection
	GlobalSection(SolutionProperties) = preSolution
		HideSolutionNode = FALSE
	EndGlobalSection
EndGlobal
