
Microsoft Visual Studio Solution File, Format Version 11.00
# Visual Studio 2010
Project("{F184B08F-C81C-45F6-A57F-5ABD9991F28F}") = "call lib", "call lib.vbproj", "{BA29B351-3BFE-4086-B591-B6D97A0367BB}"
EndProject
Global
	GlobalSection(SolutionConfigurationPlatforms) = preSolution
		Debug|x86 = Debug|x86
		Release|x86 = Release|x86
	EndGlobalSection
	GlobalSection(ProjectConfigurationPlatforms) = postSolution
		{BA29B351-3BFE-4086-B591-B6D97A0367BB}.Debug|x86.ActiveCfg = Debug|x86
		{BA29B351-3BFE-4086-B591-B6D97A0367BB}.Debug|x86.Build.0 = Debug|x86
		{BA29B351-3BFE-4086-B591-B6D97A0367BB}.Release|x86.ActiveCfg = Release|x86
		{BA29B351-3BFE-4086-B591-B6D97A0367BB}.Release|x86.Build.0 = Release|x86
	EndGlobalSection
	GlobalSection(SolutionProperties) = preSolution
		HideSolutionNode = FALSE
	EndGlobalSection
EndGlobal
