
Microsoft Visual Studio Solution File, Format Version 11.00
# Visual Studio 2010
Project("{8BC9CEB8-8B4A-11D0-8D11-00A0C91BC942}") = "c05", "c05.vcxproj", "{F9DD4535-835F-4AF5-8F47-CD336A8B1CE1}"
EndProject
Global
	GlobalSection(SolutionConfigurationPlatforms) = preSolution
		Debug|Win32 = Debug|Win32
		Release|Win32 = Release|Win32
	EndGlobalSection
	GlobalSection(ProjectConfigurationPlatforms) = postSolution
		{F9DD4535-835F-4AF5-8F47-CD336A8B1CE1}.Debug|Win32.ActiveCfg = Debug|Win32
		{F9DD4535-835F-4AF5-8F47-CD336A8B1CE1}.Debug|Win32.Build.0 = Debug|Win32
		{F9DD4535-835F-4AF5-8F47-CD336A8B1CE1}.Release|Win32.ActiveCfg = Release|Win32
		{F9DD4535-835F-4AF5-8F47-CD336A8B1CE1}.Release|Win32.Build.0 = Release|Win32
	EndGlobalSection
	GlobalSection(SolutionProperties) = preSolution
		HideSolutionNode = FALSE
	EndGlobalSection
EndGlobal
