
Microsoft Visual Studio Solution File, Format Version 11.00
# Visual Studio 2010
Project("{F184B08F-C81C-45F6-A57F-5ABD9991F28F}") = "menu in taskbar", "menu in taskbar.vbproj", "{755519B6-E767-4007-9C45-EDE716D68524}"
EndProject
Global
	GlobalSection(SolutionConfigurationPlatforms) = preSolution
		Debug|x86 = Debug|x86
		Release|x86 = Release|x86
	EndGlobalSection
	GlobalSection(ProjectConfigurationPlatforms) = postSolution
		{755519B6-E767-4007-9C45-EDE716D68524}.Debug|x86.ActiveCfg = Debug|x86
		{755519B6-E767-4007-9C45-EDE716D68524}.Debug|x86.Build.0 = Debug|x86
		{755519B6-E767-4007-9C45-EDE716D68524}.Release|x86.ActiveCfg = Release|x86
		{755519B6-E767-4007-9C45-EDE716D68524}.Release|x86.Build.0 = Release|x86
	EndGlobalSection
	GlobalSection(SolutionProperties) = preSolution
		HideSolutionNode = FALSE
	EndGlobalSection
EndGlobal
