
Microsoft Visual Studio Solution File, Format Version 11.00
# Visual Studio 2010
Project("{FAE04EC0-301F-11D3-BF4B-00C04F79EFBC}") = "avtool9", "avtool9.csproj", "{F511EE85-FCAF-4C20-9310-2C2F5E7252EB}"
EndProject
Global
	GlobalSection(SolutionConfigurationPlatforms) = preSolution
		Debug|Any CPU = Debug|Any CPU
		Release|Any CPU = Release|Any CPU
	EndGlobalSection
	GlobalSection(ProjectConfigurationPlatforms) = postSolution
		{F511EE85-FCAF-4C20-9310-2C2F5E7252EB}.Debug|Any CPU.ActiveCfg = Debug|Any CPU
		{F511EE85-FCAF-4C20-9310-2C2F5E7252EB}.Debug|Any CPU.Build.0 = Debug|Any CPU
		{F511EE85-FCAF-4C20-9310-2C2F5E7252EB}.Release|Any CPU.ActiveCfg = Release|Any CPU
		{F511EE85-FCAF-4C20-9310-2C2F5E7252EB}.Release|Any CPU.Build.0 = Release|Any CPU
	EndGlobalSection
	GlobalSection(SolutionProperties) = preSolution
		HideSolutionNode = FALSE
	EndGlobalSection
EndGlobal
