
Microsoft Visual Studio Solution File, Format Version 11.00
# Visual Studio 2010
Project("{8BC9CEB8-8B4A-11D0-8D11-00A0C91BC942}") = "c03", "c03.vcxproj", "{592F67AD-FA70-47F0-BCC9-424A7562FF9D}"
EndProject
Global
	GlobalSection(SolutionConfigurationPlatforms) = preSolution
		Debug|Win32 = Debug|Win32
		Release|Win32 = Release|Win32
	EndGlobalSection
	GlobalSection(ProjectConfigurationPlatforms) = postSolution
		{592F67AD-FA70-47F0-BCC9-424A7562FF9D}.Debug|Win32.ActiveCfg = Debug|Win32
		{592F67AD-FA70-47F0-BCC9-424A7562FF9D}.Debug|Win32.Build.0 = Debug|Win32
		{592F67AD-FA70-47F0-BCC9-424A7562FF9D}.Release|Win32.ActiveCfg = Release|Win32
		{592F67AD-FA70-47F0-BCC9-424A7562FF9D}.Release|Win32.Build.0 = Release|Win32
	EndGlobalSection
	GlobalSection(SolutionProperties) = preSolution
		HideSolutionNode = FALSE
	EndGlobalSection
EndGlobal
