
Microsoft Visual Studio Solution File, Format Version 11.00
# Visual Studio 2010
Project("{FAE04EC0-301F-11D3-BF4B-00C04F79EFBC}") = "testpath", "testpath.csproj", "{21A8F0CC-9481-4159-BA72-12FB9F2ED5BA}"
EndProject
Global
	GlobalSection(SolutionConfigurationPlatforms) = preSolution
		Debug|Any CPU = Debug|Any CPU
		Release|Any CPU = Release|Any CPU
	EndGlobalSection
	GlobalSection(ProjectConfigurationPlatforms) = postSolution
		{21A8F0CC-9481-4159-BA72-12FB9F2ED5BA}.Debug|Any CPU.ActiveCfg = Debug|Any CPU
		{21A8F0CC-9481-4159-BA72-12FB9F2ED5BA}.Debug|Any CPU.Build.0 = Debug|Any CPU
		{21A8F0CC-9481-4159-BA72-12FB9F2ED5BA}.Release|Any CPU.ActiveCfg = Release|Any CPU
		{21A8F0CC-9481-4159-BA72-12FB9F2ED5BA}.Release|Any CPU.Build.0 = Release|Any CPU
	EndGlobalSection
	GlobalSection(SolutionProperties) = preSolution
		HideSolutionNode = FALSE
	EndGlobalSection
EndGlobal
