
Microsoft Visual Studio Solution File, Format Version 11.00
# Visual Studio 2010
Project("{FAE04EC0-301F-11D3-BF4B-00C04F79EFBC}") = "cShap_remove_event", "cShap_remove_event.csproj", "{D1BB1ED2-3F58-4266-9AA8-4C19C2C1CA48}"
EndProject
Global
	GlobalSection(SolutionConfigurationPlatforms) = preSolution
		Debug|x86 = Debug|x86
		Release|x86 = Release|x86
	EndGlobalSection
	GlobalSection(ProjectConfigurationPlatforms) = postSolution
		{D1BB1ED2-3F58-4266-9AA8-4C19C2C1CA48}.Debug|x86.ActiveCfg = Debug|x86
		{D1BB1ED2-3F58-4266-9AA8-4C19C2C1CA48}.Debug|x86.Build.0 = Debug|x86
		{D1BB1ED2-3F58-4266-9AA8-4C19C2C1CA48}.Release|x86.ActiveCfg = Release|x86
		{D1BB1ED2-3F58-4266-9AA8-4C19C2C1CA48}.Release|x86.Build.0 = Release|x86
	EndGlobalSection
	GlobalSection(SolutionProperties) = preSolution
		HideSolutionNode = FALSE
	EndGlobalSection
EndGlobal
