
Microsoft Visual Studio Solution File, Format Version 11.00
# Visual Studio 2010
Project("{F184B08F-C81C-45F6-A57F-5ABD9991F28F}") = "bsTool", "bsTool.vbproj", "{B9C509AD-5A23-41AD-ABD1-7564CF41A56A}"
EndProject
Global
	GlobalSection(SolutionConfigurationPlatforms) = preSolution
		Debug|x86 = Debug|x86
		Release|x86 = Release|x86
	EndGlobalSection
	GlobalSection(ProjectConfigurationPlatforms) = postSolution
		{B9C509AD-5A23-41AD-ABD1-7564CF41A56A}.Debug|x86.ActiveCfg = Debug|x86
		{B9C509AD-5A23-41AD-ABD1-7564CF41A56A}.Debug|x86.Build.0 = Debug|x86
		{B9C509AD-5A23-41AD-ABD1-7564CF41A56A}.Release|x86.ActiveCfg = Release|x86
		{B9C509AD-5A23-41AD-ABD1-7564CF41A56A}.Release|x86.Build.0 = Release|x86
	EndGlobalSection
	GlobalSection(SolutionProperties) = preSolution
		HideSolutionNode = FALSE
	EndGlobalSection
EndGlobal
