
Microsoft Visual Studio Solution File, Format Version 11.00
# Visual Studio 2010
Project("{FAE04EC0-301F-11D3-BF4B-00C04F79EFBC}") = "avtool5", "avtool5.csproj", "{406ED1C5-2C67-4252-A5E4-D44F7221A83B}"
EndProject
Global
	GlobalSection(SolutionConfigurationPlatforms) = preSolution
		Debug|Any CPU = Debug|Any CPU
		Release|Any CPU = Release|Any CPU
	EndGlobalSection
	GlobalSection(ProjectConfigurationPlatforms) = postSolution
		{406ED1C5-2C67-4252-A5E4-D44F7221A83B}.Debug|Any CPU.ActiveCfg = Debug|Any CPU
		{406ED1C5-2C67-4252-A5E4-D44F7221A83B}.Debug|Any CPU.Build.0 = Debug|Any CPU
		{406ED1C5-2C67-4252-A5E4-D44F7221A83B}.Release|Any CPU.ActiveCfg = Release|Any CPU
		{406ED1C5-2C67-4252-A5E4-D44F7221A83B}.Release|Any CPU.Build.0 = Release|Any CPU
	EndGlobalSection
	GlobalSection(SolutionProperties) = preSolution
		HideSolutionNode = FALSE
	EndGlobalSection
EndGlobal
