
Microsoft Visual Studio Solution File, Format Version 11.00
# Visual Studio 2010
Project("{F184B08F-C81C-45F6-A57F-5ABD9991F28F}") = "region", "region.vbproj", "{B0C2463C-25CE-4837-98AA-5F32D9B95E1F}"
EndProject
Global
	GlobalSection(SolutionConfigurationPlatforms) = preSolution
		Debug|x86 = Debug|x86
		Release|x86 = Release|x86
	EndGlobalSection
	GlobalSection(ProjectConfigurationPlatforms) = postSolution
		{B0C2463C-25CE-4837-98AA-5F32D9B95E1F}.Debug|x86.ActiveCfg = Debug|x86
		{B0C2463C-25CE-4837-98AA-5F32D9B95E1F}.Debug|x86.Build.0 = Debug|x86
		{B0C2463C-25CE-4837-98AA-5F32D9B95E1F}.Release|x86.ActiveCfg = Release|x86
		{B0C2463C-25CE-4837-98AA-5F32D9B95E1F}.Release|x86.Build.0 = Release|x86
	EndGlobalSection
	GlobalSection(SolutionProperties) = preSolution
		HideSolutionNode = FALSE
	EndGlobalSection
EndGlobal
