
Microsoft Visual Studio Solution File, Format Version 11.00
# Visual Studio 2010
Project("{F184B08F-C81C-45F6-A57F-5ABD9991F28F}") = "comic 2.150221", "comic 2.150221.vbproj", "{ED118EDF-C4CA-4C3C-B291-1D9452604F02}"
EndProject
Global
	GlobalSection(SolutionConfigurationPlatforms) = preSolution
		Debug|x86 = Debug|x86
		Release|x86 = Release|x86
	EndGlobalSection
	GlobalSection(ProjectConfigurationPlatforms) = postSolution
		{ED118EDF-C4CA-4C3C-B291-1D9452604F02}.Debug|x86.ActiveCfg = Debug|x86
		{ED118EDF-C4CA-4C3C-B291-1D9452604F02}.Debug|x86.Build.0 = Debug|x86
		{ED118EDF-C4CA-4C3C-B291-1D9452604F02}.Release|x86.ActiveCfg = Release|x86
		{ED118EDF-C4CA-4C3C-B291-1D9452604F02}.Release|x86.Build.0 = Release|x86
	EndGlobalSection
	GlobalSection(SolutionProperties) = preSolution
		HideSolutionNode = FALSE
	EndGlobalSection
EndGlobal
